
Microsoft Visual Studio Solution File, Format Version 12.00
# Visual Studio Version 17
VisualStudioVersion = 17.3.32929.385
MinimumVisualStudioVersion = 10.0.40219.1
Project("{FAE04EC0-301F-11D3-BF4B-00C04F79EFBC}") = "ciftyonluquiz", "ciftyonluquiz.csproj", "{6FB961A0-B544-40D6-AB30-3BC1D15893E2}"
EndProject
Global
	GlobalSection(SolutionConfigurationPlatforms) = preSolution
		Debug|Any CPU = Debug|Any CPU
		Release|Any CPU = Release|Any CPU
	EndGlobalSection
	GlobalSection(ProjectConfigurationPlatforms) = postSolution
		{6FB961A0-B544-40D6-AB30-3BC1D15893E2}.Debug|Any CPU.ActiveCfg = Debug|Any CPU
		{6FB961A0-B544-40D6-AB30-3BC1D15893E2}.Debug|Any CPU.Build.0 = Debug|Any CPU
		{6FB961A0-B544-40D6-AB30-3BC1D15893E2}.Release|Any CPU.ActiveCfg = Release|Any CPU
		{6FB961A0-B544-40D6-AB30-3BC1D15893E2}.Release|Any CPU.Build.0 = Release|Any CPU
	EndGlobalSection
	GlobalSection(SolutionProperties) = preSolution
		HideSolutionNode = FALSE
	EndGlobalSection
	GlobalSection(ExtensibilityGlobals) = postSolution
		SolutionGuid = {DDC11775-FD34-4123-90A4-0B39B946E04C}
	EndGlobalSection
EndGlobal
